
Microsoft Visual Studio Solution File, Format Version 12.00
# Visual Studio Version 16
VisualStudioVersion = 16.0.30503.244
MinimumVisualStudioVersion = 10.0.40219.1
Project("{FAE04EC0-301F-11D3-BF4B-00C04F79EFBC}") = "PieShop", "PieShop\PieShop.csproj", "{892AAB79-6520-4FFF-922A-CD1F9A6557BB}"
EndProject
Global
	GlobalSection(SolutionConfigurationPlatforms) = preSolution
		Debug|Any CPU = Debug|Any CPU
		Release|Any CPU = Release|Any CPU
	EndGlobalSection
	GlobalSection(ProjectConfigurationPlatforms) = postSolution
		{892AAB79-6520-4FFF-922A-CD1F9A6557BB}.Debug|Any CPU.ActiveCfg = Debug|Any CPU
		{892AAB79-6520-4FFF-922A-CD1F9A6557BB}.Debug|Any CPU.Build.0 = Debug|Any CPU
		{892AAB79-6520-4FFF-922A-CD1F9A6557BB}.Release|Any CPU.ActiveCfg = Release|Any CPU
		{892AAB79-6520-4FFF-922A-CD1F9A6557BB}.Release|Any CPU.Build.0 = Release|Any CPU
	EndGlobalSection
	GlobalSection(SolutionProperties) = preSolution
		HideSolutionNode = FALSE
	EndGlobalSection
	GlobalSection(ExtensibilityGlobals) = postSolution
		SolutionGuid = {3F5D99CF-1610-4065-946F-CAC000D37C76}
	EndGlobalSection
EndGlobal
